
Microsoft Visual Studio Solution File, Format Version 12.00
# Visual Studio Version 17
VisualStudioVersion = 17.1.32407.343
MinimumVisualStudioVersion = 10.0.40219.1
Project("{FAE04EC0-301F-11D3-BF4B-00C04F79EFBC}") = "Entity", "Entity\Entity.csproj", "{F7024A98-C64D-4478-BB44-5415D2775BB1}"
EndProject
Project("{FAE04EC0-301F-11D3-BF4B-00C04F79EFBC}") = "DataAccess", "DataAccess\DataAccess.csproj", "{4D0D40E4-7545-4427-A670-3325FDE6D828}"
EndProject
Project("{FAE04EC0-301F-11D3-BF4B-00C04F79EFBC}") = "BusinessLayer", "BusinessLayer\BusinessLayer.csproj", "{819B2D63-0176-4C48-9654-B1E91707DB62}"
EndProject
Project("{FAE04EC0-301F-11D3-BF4B-00C04F79EFBC}") = "AdminPanel", "AdminPanel\AdminPanel.csproj", "{86F952F7-9DDB-4100-9AB9-34F17640B682}"
EndProject
Project("{FAE04EC0-301F-11D3-BF4B-00C04F79EFBC}") = "KatmanAdminPresent", "KatmanAdminPresent\KatmanAdminPresent.csproj", "{48893127-4C82-4923-9884-54C8F3BE48ED}"
EndProject
Global
	GlobalSection(SolutionConfigurationPlatforms) = preSolution
		Debug|Any CPU = Debug|Any CPU
		Release|Any CPU = Release|Any CPU
	EndGlobalSection
	GlobalSection(ProjectConfigurationPlatforms) = postSolution
		{F7024A98-C64D-4478-BB44-5415D2775BB1}.Debug|Any CPU.ActiveCfg = Debug|Any CPU
		{F7024A98-C64D-4478-BB44-5415D2775BB1}.Debug|Any CPU.Build.0 = Debug|Any CPU
		{F7024A98-C64D-4478-BB44-5415D2775BB1}.Release|Any CPU.ActiveCfg = Release|Any CPU
		{F7024A98-C64D-4478-BB44-5415D2775BB1}.Release|Any CPU.Build.0 = Release|Any CPU
		{4D0D40E4-7545-4427-A670-3325FDE6D828}.Debug|Any CPU.ActiveCfg = Debug|Any CPU
		{4D0D40E4-7545-4427-A670-3325FDE6D828}.Debug|Any CPU.Build.0 = Debug|Any CPU
		{4D0D40E4-7545-4427-A670-3325FDE6D828}.Release|Any CPU.ActiveCfg = Release|Any CPU
		{4D0D40E4-7545-4427-A670-3325FDE6D828}.Release|Any CPU.Build.0 = Release|Any CPU
		{819B2D63-0176-4C48-9654-B1E91707DB62}.Debug|Any CPU.ActiveCfg = Debug|Any CPU
		{819B2D63-0176-4C48-9654-B1E91707DB62}.Debug|Any CPU.Build.0 = Debug|Any CPU
		{819B2D63-0176-4C48-9654-B1E91707DB62}.Release|Any CPU.ActiveCfg = Release|Any CPU
		{819B2D63-0176-4C48-9654-B1E91707DB62}.Release|Any CPU.Build.0 = Release|Any CPU
		{86F952F7-9DDB-4100-9AB9-34F17640B682}.Debug|Any CPU.ActiveCfg = Debug|Any CPU
		{86F952F7-9DDB-4100-9AB9-34F17640B682}.Debug|Any CPU.Build.0 = Debug|Any CPU
		{86F952F7-9DDB-4100-9AB9-34F17640B682}.Release|Any CPU.ActiveCfg = Release|Any CPU
		{86F952F7-9DDB-4100-9AB9-34F17640B682}.Release|Any CPU.Build.0 = Release|Any CPU
		{48893127-4C82-4923-9884-54C8F3BE48ED}.Debug|Any CPU.ActiveCfg = Debug|Any CPU
		{48893127-4C82-4923-9884-54C8F3BE48ED}.Debug|Any CPU.Build.0 = Debug|Any CPU
		{48893127-4C82-4923-9884-54C8F3BE48ED}.Release|Any CPU.ActiveCfg = Release|Any CPU
		{48893127-4C82-4923-9884-54C8F3BE48ED}.Release|Any CPU.Build.0 = Release|Any CPU
	EndGlobalSection
	GlobalSection(SolutionProperties) = preSolution
		HideSolutionNode = FALSE
	EndGlobalSection
	GlobalSection(ExtensibilityGlobals) = postSolution
		SolutionGuid = {5F1DA7EE-A22E-47A7-A5AD-7F7D75E95496}
	EndGlobalSection
EndGlobal
